
Microsoft Visual Studio Solution File, Format Version 12.00
# Visual Studio Version 16
VisualStudioVersion = 16.0.32929.386
MinimumVisualStudioVersion = 10.0.40219.1
Project("{9A19103F-16F7-4668-BE54-9A1E7A4F7556}") = "Lab102", "Lab102\Lab102.csproj", "{9F958183-76F3-4E4F-966A-987722B983D4}"
EndProject
Global
	GlobalSection(SolutionConfigurationPlatforms) = preSolution
		Debug|Any CPU = Debug|Any CPU
		Release|Any CPU = Release|Any CPU
	EndGlobalSection
	GlobalSection(ProjectConfigurationPlatforms) = postSolution
		{9F958183-76F3-4E4F-966A-987722B983D4}.Debug|Any CPU.ActiveCfg = Debug|Any CPU
		{9F958183-76F3-4E4F-966A-987722B983D4}.Debug|Any CPU.Build.0 = Debug|Any CPU
		{9F958183-76F3-4E4F-966A-987722B983D4}.Release|Any CPU.ActiveCfg = Release|Any CPU
		{9F958183-76F3-4E4F-966A-987722B983D4}.Release|Any CPU.Build.0 = Release|Any CPU
	EndGlobalSection
	GlobalSection(SolutionProperties) = preSolution
		HideSolutionNode = FALSE
	EndGlobalSection
	GlobalSection(ExtensibilityGlobals) = postSolution
		SolutionGuid = {8E261C0D-8A58-4B84-AB69-D9E3F6AD2428}
	EndGlobalSection
EndGlobal
